<?xml version="1.0" encoding="utf-8"?>
<Project ToolsVersion="4.0" xmlns="http://schemas.microsoft.com/developer/msbuild/2003">
  <ItemGroup>
    <Filter Include="Source Files">
      <UniqueIdentifier>{4FC737F1-C7A5-4376-A066-2A32D752A2FF}</UniqueIdentifier>
      <Extensions>cpp;c;cc;cxx;def;odl;idl;hpj;bat;asm;asmx</Extensions>
    </Filter>
    <Filter Include="Header Files">
      <UniqueIdentifier>{93995380-89BD-4b04-88EB-625FBE52EBFB}</UniqueIdentifier>
      <Extensions>h;hpp;hxx;hm;inl;inc;xsd</Extensions>
    </Filter>
    <Filter Include="renderer">
      <UniqueIdentifier>{9680ddc0-bec0-441f-bbbb-97755048d97d}</UniqueIdentifier>
    </Filter>
    <Filter Include="math">
      <UniqueIdentifier>{7e01d6c7-6ffc-405e-8ec2-aa3a28ba0465}</UniqueIdentifier>
    </Filter>
    <Filter Include="scene">
      <UniqueIdentifier>{555bdcb6-aa4f-4ac0-913d-23494fd948d8}</UniqueIdentifier>
    </Filter>
  </ItemGroup>
  <ItemGroup>
    <ClCompile Include="ContexrInitializer.cpp">
      <Filter>Source Files</Filter>
    </ClCompile>
    <ClCompile Include="renderer\Light.cpp">
      <Filter>renderer</Filter>
    </ClCompile>
    <ClCompile Include="math\Vector3.cpp">
      <Filter>math</Filter>
    </ClCompile>
    <ClCompile Include="scene\Cornell.cpp">
      <Filter>scene</Filter>
    </ClCompile>
  </ItemGroup>
  <ItemGroup>
    <ClInclude Include="ContexrInitializer.h">
      <Filter>Header Files</Filter>
    </ClInclude>
    <ClInclude Include="renderer\Light.h">
      <Filter>renderer</Filter>
    </ClInclude>
    <ClInclude Include="renderer\RayType.h">
      <Filter>renderer</Filter>
    </ClInclude>
    <ClInclude Include="renderer\OptixEntryPoint.h">
      <Filter>renderer</Filter>
    </ClInclude>
    <ClInclude Include="math\Vector3.h">
      <Filter>math</Filter>
    </ClInclude>
    <ClInclude Include="scene\Cornell.h">
      <Filter>scene</Filter>
    </ClInclude>
    <ClInclude Include="renderer\SubpathPRD.h">
      <Filter>renderer</Filter>
    </ClInclude>
    <ClInclude Include="renderer\random.h">
      <Filter>renderer</Filter>
    </ClInclude>
  </ItemGroup>
  <ItemGroup>
    <CudaCompile Include="test_generator.cu" />
    <CudaCompile Include="test_hit.cu" />
    <CudaCompile Include="test_parallelogram.cu" />
  </ItemGroup>
</Project>